
Microsoft Visual Studio Solution File, Format Version 12.00
# Visual Studio Version 17
VisualStudioVersion = 17.6.33723.286
MinimumVisualStudioVersion = 10.0.40219.1
Project("{FAE04EC0-301F-11D3-BF4B-00C04F79EFBC}") = "WEB_PAINT2", "WEB_PAINT2\WEB_PAINT2.csproj", "{619CF96C-F3B0-4B2B-89E7-92DFED260B90}"
EndProject
Global
	GlobalSection(SolutionConfigurationPlatforms) = preSolution
		Debug|Any CPU = Debug|Any CPU
		Release|Any CPU = Release|Any CPU
	EndGlobalSection
	GlobalSection(ProjectConfigurationPlatforms) = postSolution
		{619CF96C-F3B0-4B2B-89E7-92DFED260B90}.Debug|Any CPU.ActiveCfg = Debug|Any CPU
		{619CF96C-F3B0-4B2B-89E7-92DFED260B90}.Debug|Any CPU.Build.0 = Debug|Any CPU
		{619CF96C-F3B0-4B2B-89E7-92DFED260B90}.Release|Any CPU.ActiveCfg = Release|Any CPU
		{619CF96C-F3B0-4B2B-89E7-92DFED260B90}.Release|Any CPU.Build.0 = Release|Any CPU
	EndGlobalSection
	GlobalSection(SolutionProperties) = preSolution
		HideSolutionNode = FALSE
	EndGlobalSection
	GlobalSection(ExtensibilityGlobals) = postSolution
		SolutionGuid = {F46830F4-E12A-48B2-95AC-7389305C1FBC}
	EndGlobalSection
EndGlobal
